{
  "name": "windicss-prefixer-false",
  "requires": true,
  "lockfileVersion": 1,
  "dependencies": {
    "windicss": {
      "version": "2.5.4",
      "resolved": "https://registry.npmjs.org/windicss/-/windicss-2.5.4.tgz",
      "integrity": "sha512-K+w/TOxbY38bIjRyJVgQ29ndZ0xZsbpf4a7wClqyFDQdCTbuCnzChBMpO13BqLmksIaHRzL46TeBRpFyV6n5/A=="
    }
  }
}
