{
  "name": "windicss-prefixer-false",
  "requires": true,
  "lockfileVersion": 1,
  "dependencies": {
    "windicss": {
      "version": "2.5.5",
      "resolved": "https://registry.npmjs.org/windicss/-/windicss-2.5.5.tgz",
      "integrity": "sha512-tKLYY9qQoFKoxitG2B8toa9QUPAjsBOKjmFrxhDi2i0eaVOFQh+YEPElBCa7N5ma03YVIW9HPVbgVU0Z4JxZ5g=="
    }
  }
}
